// !$*UTF8*$!
{
	archiveVersion = 1;
	classes = {
	};
	objectVersion = 46;
	objects = {

/* Begin PBXBuildFile section */
		860623B315A2622B008C6100 /* UIKit.framework in Frameworks */ = {isa = PBXBuildFile; fileRef = 860623B215A2622B008C6100 /* UIKit.framework */; };
		860623B515A2622B008C6100 /* Foundation.framework in Frameworks */ = {isa = PBXBuildFile; fileRef = 860623B415A2622B008C6100 /* Foundation.framework */; };
		860623B715A2622B008C6100 /* CoreGraphics.framework in Frameworks */ = {isa = PBXBuildFile; fileRef = 860623B615A2622B008C6100 /* CoreGraphics.framework */; };
		860623BD15A2622B008C6100 /* InfoPlist.strings in Resources */ = {isa = PBXBuildFile; fileRef = 860623BB15A2622B008C6100 /* InfoPlist.strings */; };
		860623BF15A2622B008C6100 /* main.m in Sources */ = {isa = PBXBuildFile; fileRef = 860623BE15A2622B008C6100 /* main.m */; };
		860623C315A2622B008C6100 /* DigitalBirthAppDelegate.m in Sources */ = {isa = PBXBuildFile; fileRef = 860623C215A2622B008C6100 /* DigitalBirthAppDelegate.m */; };
		860623CC15A2623E008C6100 /* RootViewController.m in Sources */ = {isa = PBXBuildFile; fileRef = 860623CA15A2623E008C6100 /* RootViewController.m */; };
		860623CD15A2623E008C6100 /* RootViewController.xib in Resources */ = {isa = PBXBuildFile; fileRef = 860623CB15A2623E008C6100 /* RootViewController.xib */; };
		860623E915A26E38008C6100 /* Action.m in Sources */ = {isa = PBXBuildFile; fileRef = 860623DF15A26E38008C6100 /* Action.m */; };
		860623EA15A26E38008C6100 /* Baby.m in Sources */ = {isa = PBXBuildFile; fileRef = 860623E115A26E38008C6100 /* Baby.m */; };
		860623EC15A26E38008C6100 /* Game.m in Sources */ = {isa = PBXBuildFile; fileRef = 860623E615A26E38008C6100 /* Game.m */; };
		860623ED15A26E38008C6100 /* Lady.m in Sources */ = {isa = PBXBuildFile; fileRef = 860623E815A26E38008C6100 /* Lady.m */; };
		86458C5215A3CC5B00196ED3 /* Mommy.png in Resources */ = {isa = PBXBuildFile; fileRef = 86458C5115A3CC5B00196ED3 /* Mommy.png */; };
		86458C5815A543B800196ED3 /* focus_0.png in Resources */ = {isa = PBXBuildFile; fileRef = 86458C5415A543B800196ED3 /* focus_0.png */; };
		86458C5915A543B800196ED3 /* focus_1.png in Resources */ = {isa = PBXBuildFile; fileRef = 86458C5515A543B800196ED3 /* focus_1.png */; };
		86458C5A15A543B800196ED3 /* focus_2.png in Resources */ = {isa = PBXBuildFile; fileRef = 86458C5615A543B800196ED3 /* focus_2.png */; };
		86458C5B15A543B800196ED3 /* focus_3.png in Resources */ = {isa = PBXBuildFile; fileRef = 86458C5715A543B800196ED3 /* focus_3.png */; };
/* End PBXBuildFile section */

/* Begin PBXFileReference section */
		860623AE15A2622B008C6100 /* Digital-Birth.app */ = {isa = PBXFileReference; explicitFileType = wrapper.application; includeInIndex = 0; path = "Digital-Birth.app"; sourceTree = BUILT_PRODUCTS_DIR; };
		860623B215A2622B008C6100 /* UIKit.framework */ = {isa = PBXFileReference; lastKnownFileType = wrapper.framework; name = UIKit.framework; path = System/Library/Frameworks/UIKit.framework; sourceTree = SDKROOT; };
		860623B415A2622B008C6100 /* Foundation.framework */ = {isa = PBXFileReference; lastKnownFileType = wrapper.framework; name = Foundation.framework; path = System/Library/Frameworks/Foundation.framework; sourceTree = SDKROOT; };
		860623B615A2622B008C6100 /* CoreGraphics.framework */ = {isa = PBXFileReference; lastKnownFileType = wrapper.framework; name = CoreGraphics.framework; path = System/Library/Frameworks/CoreGraphics.framework; sourceTree = SDKROOT; };
		860623BA15A2622B008C6100 /* Digital-Birth-Info.plist */ = {isa = PBXFileReference; lastKnownFileType = text.plist.xml; path = "Digital-Birth-Info.plist"; sourceTree = "<group>"; };
		860623BC15A2622B008C6100 /* en */ = {isa = PBXFileReference; lastKnownFileType = text.plist.strings; name = en; path = en.lproj/InfoPlist.strings; sourceTree = "<group>"; };
		860623BE15A2622B008C6100 /* main.m */ = {isa = PBXFileReference; lastKnownFileType = sourcecode.c.objc; path = main.m; sourceTree = "<group>"; };
		860623C015A2622B008C6100 /* Digital-Birth-Prefix.pch */ = {isa = PBXFileReference; lastKnownFileType = sourcecode.c.h; path = "Digital-Birth-Prefix.pch"; sourceTree = "<group>"; };
		860623C115A2622B008C6100 /* DigitalBirthAppDelegate.h */ = {isa = PBXFileReference; lastKnownFileType = sourcecode.c.h; path = DigitalBirthAppDelegate.h; sourceTree = "<group>"; };
		860623C215A2622B008C6100 /* DigitalBirthAppDelegate.m */ = {isa = PBXFileReference; lastKnownFileType = sourcecode.c.objc; path = DigitalBirthAppDelegate.m; sourceTree = "<group>"; };
		860623C915A2623E008C6100 /* RootViewController.h */ = {isa = PBXFileReference; fileEncoding = 4; lastKnownFileType = sourcecode.c.h; name = RootViewController.h; path = ../RootViewController.h; sourceTree = "<group>"; };
		860623CA15A2623E008C6100 /* RootViewController.m */ = {isa = PBXFileReference; fileEncoding = 4; lastKnownFileType = sourcecode.c.objc; name = RootViewController.m; path = ../RootViewController.m; sourceTree = "<group>"; };
		860623CB15A2623E008C6100 /* RootViewController.xib */ = {isa = PBXFileReference; fileEncoding = 4; lastKnownFileType = file.xib; name = RootViewController.xib; path = ../RootViewController.xib; sourceTree = "<group>"; };
		860623DE15A26E38008C6100 /* Action.h */ = {isa = PBXFileReference; fileEncoding = 4; lastKnownFileType = sourcecode.c.h; name = Action.h; path = ../Action.h; sourceTree = "<group>"; };
		860623DF15A26E38008C6100 /* Action.m */ = {isa = PBXFileReference; fileEncoding = 4; lastKnownFileType = sourcecode.c.objc; name = Action.m; path = ../Action.m; sourceTree = "<group>"; };
		860623E015A26E38008C6100 /* Baby.h */ = {isa = PBXFileReference; fileEncoding = 4; lastKnownFileType = sourcecode.c.h; name = Baby.h; path = ../Baby.h; sourceTree = "<group>"; };
		860623E115A26E38008C6100 /* Baby.m */ = {isa = PBXFileReference; fileEncoding = 4; lastKnownFileType = sourcecode.c.objc; name = Baby.m; path = ../Baby.m; sourceTree = "<group>"; };
		860623E215A26E38008C6100 /* Constants.h */ = {isa = PBXFileReference; fileEncoding = 4; lastKnownFileType = sourcecode.c.h; name = Constants.h; path = ../Constants.h; sourceTree = "<group>"; };
		860623E515A26E38008C6100 /* Game.h */ = {isa = PBXFileReference; fileEncoding = 4; lastKnownFileType = sourcecode.c.h; name = Game.h; path = ../Game.h; sourceTree = "<group>"; };
		860623E615A26E38008C6100 /* Game.m */ = {isa = PBXFileReference; fileEncoding = 4; lastKnownFileType = sourcecode.c.objc; name = Game.m; path = ../Game.m; sourceTree = "<group>"; };
		860623E715A26E38008C6100 /* Lady.h */ = {isa = PBXFileReference; fileEncoding = 4; lastKnownFileType = sourcecode.c.h; name = Lady.h; path = ../Lady.h; sourceTree = "<group>"; };
		860623E815A26E38008C6100 /* Lady.m */ = {isa = PBXFileReference; fileEncoding = 4; lastKnownFileType = sourcecode.c.objc; name = Lady.m; path = ../Lady.m; sourceTree = "<group>"; };
		86458C5115A3CC5B00196ED3 /* Mommy.png */ = {isa = PBXFileReference; lastKnownFileType = image.png; path = Mommy.png; sourceTree = "<group>"; };
		86458C5415A543B800196ED3 /* focus_0.png */ = {isa = PBXFileReference; lastKnownFileType = image.png; path = focus_0.png; sourceTree = "<group>"; };
		86458C5515A543B800196ED3 /* focus_1.png */ = {isa = PBXFileReference; lastKnownFileType = image.png; path = focus_1.png; sourceTree = "<group>"; };
		86458C5615A543B800196ED3 /* focus_2.png */ = {isa = PBXFileReference; lastKnownFileType = image.png; path = focus_2.png; sourceTree = "<group>"; };
		86458C5715A543B800196ED3 /* focus_3.png */ = {isa = PBXFileReference; lastKnownFileType = image.png; path = focus_3.png; sourceTree = "<group>"; };
/* End PBXFileReference section */

/* Begin PBXFrameworksBuildPhase section */
		860623AB15A2622B008C6100 /* Frameworks */ = {
			isa = PBXFrameworksBuildPhase;
			buildActionMask = 2147483647;
			files = (
				860623B315A2622B008C6100 /* UIKit.framework in Frameworks */,
				860623B515A2622B008C6100 /* Foundation.framework in Frameworks */,
				860623B715A2622B008C6100 /* CoreGraphics.framework in Frameworks */,
			);
			runOnlyForDeploymentPostprocessing = 0;
		};
/* End PBXFrameworksBuildPhase section */

/* Begin PBXGroup section */
		860623A315A2622B008C6100 = {
			isa = PBXGroup;
			children = (
				860623B815A2622B008C6100 /* Digital-Birth */,
				860623B115A2622B008C6100 /* Frameworks */,
				860623AF15A2622B008C6100 /* Products */,
			);
			sourceTree = "<group>";
		};
		860623AF15A2622B008C6100 /* Products */ = {
			isa = PBXGroup;
			children = (
				860623AE15A2622B008C6100 /* Digital-Birth.app */,
			);
			name = Products;
			sourceTree = "<group>";
		};
		860623B115A2622B008C6100 /* Frameworks */ = {
			isa = PBXGroup;
			children = (
				860623B215A2622B008C6100 /* UIKit.framework */,
				860623B415A2622B008C6100 /* Foundation.framework */,
				860623B615A2622B008C6100 /* CoreGraphics.framework */,
			);
			name = Frameworks;
			sourceTree = "<group>";
		};
		860623B815A2622B008C6100 /* Digital-Birth */ = {
			isa = PBXGroup;
			children = (
				860623EF15A26E69008C6100 /* View Controllers */,
				860623EE15A26E50008C6100 /* Back-End */,
				860623C115A2622B008C6100 /* DigitalBirthAppDelegate.h */,
				860623C215A2622B008C6100 /* DigitalBirthAppDelegate.m */,
				860623B915A2622B008C6100 /* Supporting Files */,
			);
			path = "Digital-Birth";
			sourceTree = "<group>";
		};
		860623B915A2622B008C6100 /* Supporting Files */ = {
			isa = PBXGroup;
			children = (
				86458C5415A543B800196ED3 /* focus_0.png */,
				86458C5515A543B800196ED3 /* focus_1.png */,
				86458C5615A543B800196ED3 /* focus_2.png */,
				86458C5715A543B800196ED3 /* focus_3.png */,
				86458C5115A3CC5B00196ED3 /* Mommy.png */,
				860623BA15A2622B008C6100 /* Digital-Birth-Info.plist */,
				860623BB15A2622B008C6100 /* InfoPlist.strings */,
				860623BE15A2622B008C6100 /* main.m */,
				860623C015A2622B008C6100 /* Digital-Birth-Prefix.pch */,
			);
			name = "Supporting Files";
			sourceTree = "<group>";
		};
		860623EE15A26E50008C6100 /* Back-End */ = {
			isa = PBXGroup;
			children = (
				860623DE15A26E38008C6100 /* Action.h */,
				860623DF15A26E38008C6100 /* Action.m */,
				860623E015A26E38008C6100 /* Baby.h */,
				860623E115A26E38008C6100 /* Baby.m */,
				860623E215A26E38008C6100 /* Constants.h */,
				860623E515A26E38008C6100 /* Game.h */,
				860623E615A26E38008C6100 /* Game.m */,
				860623E715A26E38008C6100 /* Lady.h */,
				860623E815A26E38008C6100 /* Lady.m */,
			);
			name = "Back-End";
			sourceTree = "<group>";
		};
		860623EF15A26E69008C6100 /* View Controllers */ = {
			isa = PBXGroup;
			children = (
				860623C915A2623E008C6100 /* RootViewController.h */,
				860623CA15A2623E008C6100 /* RootViewController.m */,
				860623CB15A2623E008C6100 /* RootViewController.xib */,
			);
			name = "View Controllers";
			sourceTree = "<group>";
		};
/* End PBXGroup section */

/* Begin PBXNativeTarget section */
		860623AD15A2622B008C6100 /* Digital-Birth */ = {
			isa = PBXNativeTarget;
			buildConfigurationList = 860623C615A2622B008C6100 /* Build configuration list for PBXNativeTarget "Digital-Birth" */;
			buildPhases = (
				860623AA15A2622B008C6100 /* Sources */,
				860623AB15A2622B008C6100 /* Frameworks */,
				860623AC15A2622B008C6100 /* Resources */,
			);
			buildRules = (
			);
			dependencies = (
			);
			name = "Digital-Birth";
			productName = "Digital-Birth";
			productReference = 860623AE15A2622B008C6100 /* Digital-Birth.app */;
			productType = "com.apple.product-type.application";
		};
/* End PBXNativeTarget section */

/* Begin PBXProject section */
		860623A515A2622B008C6100 /* Project object */ = {
			isa = PBXProject;
			attributes = {
				LastUpgradeCheck = 0420;
			};
			buildConfigurationList = 860623A815A2622B008C6100 /* Build configuration list for PBXProject "Digital-Birth" */;
			compatibilityVersion = "Xcode 3.2";
			developmentRegion = English;
			hasScannedForEncodings = 0;
			knownRegions = (
				en,
			);
			mainGroup = 860623A315A2622B008C6100;
			productRefGroup = 860623AF15A2622B008C6100 /* Products */;
			projectDirPath = "";
			projectRoot = "";
			targets = (
				860623AD15A2622B008C6100 /* Digital-Birth */,
			);
		};
/* End PBXProject section */

/* Begin PBXResourcesBuildPhase section */
		860623AC15A2622B008C6100 /* Resources */ = {
			isa = PBXResourcesBuildPhase;
			buildActionMask = 2147483647;
			files = (
				860623BD15A2622B008C6100 /* InfoPlist.strings in Resources */,
				860623CD15A2623E008C6100 /* RootViewController.xib in Resources */,
				86458C5215A3CC5B00196ED3 /* Mommy.png in Resources */,
				86458C5815A543B800196ED3 /* focus_0.png in Resources */,
				86458C5915A543B800196ED3 /* focus_1.png in Resources */,
				86458C5A15A543B800196ED3 /* focus_2.png in Resources */,
				86458C5B15A543B800196ED3 /* focus_3.png in Resources */,
			);
			runOnlyForDeploymentPostprocessing = 0;
		};
/* End PBXResourcesBuildPhase section */

/* Begin PBXSourcesBuildPhase section */
		860623AA15A2622B008C6100 /* Sources */ = {
			isa = PBXSourcesBuildPhase;
			buildActionMask = 2147483647;
			files = (
				860623BF15A2622B008C6100 /* main.m in Sources */,
				860623C315A2622B008C6100 /* DigitalBirthAppDelegate.m in Sources */,
				860623CC15A2623E008C6100 /* RootViewController.m in Sources */,
				860623E915A26E38008C6100 /* Action.m in Sources */,
				860623EA15A26E38008C6100 /* Baby.m in Sources */,
				860623EC15A26E38008C6100 /* Game.m in Sources */,
				860623ED15A26E38008C6100 /* Lady.m in Sources */,
			);
			runOnlyForDeploymentPostprocessing = 0;
		};
/* End PBXSourcesBuildPhase section */

/* Begin PBXVariantGroup section */
		860623BB15A2622B008C6100 /* InfoPlist.strings */ = {
			isa = PBXVariantGroup;
			children = (
				860623BC15A2622B008C6100 /* en */,
			);
			name = InfoPlist.strings;
			sourceTree = "<group>";
		};
/* End PBXVariantGroup section */

/* Begin XCBuildConfiguration section */
		860623C415A2622B008C6100 /* Debug */ = {
			isa = XCBuildConfiguration;
			buildSettings = {
				ALWAYS_SEARCH_USER_PATHS = NO;
				ARCHS = "$(ARCHS_STANDARD_32_BIT)";
				"CODE_SIGN_IDENTITY[sdk=iphoneos*]" = "iPhone Developer";
				COPY_PHASE_STRIP = NO;
				GCC_C_LANGUAGE_STANDARD = gnu99;
				GCC_DYNAMIC_NO_PIC = NO;
				GCC_OPTIMIZATION_LEVEL = 0;
				GCC_PREPROCESSOR_DEFINITIONS = (
					"DEBUG=1",
					"$(inherited)",
				);
				GCC_SYMBOLS_PRIVATE_EXTERN = NO;
				GCC_VERSION = com.apple.compilers.llvm.clang.1_0;
				GCC_WARN_ABOUT_MISSING_PROTOTYPES = YES;
				GCC_WARN_ABOUT_RETURN_TYPE = YES;
				GCC_WARN_UNUSED_VARIABLE = YES;
				IPHONEOS_DEPLOYMENT_TARGET = 5.0;
				SDKROOT = iphoneos;
				TARGETED_DEVICE_FAMILY = "1,2";
			};
			name = Debug;
		};
		860623C515A2622B008C6100 /* Release */ = {
			isa = XCBuildConfiguration;
			buildSettings = {
				ALWAYS_SEARCH_USER_PATHS = NO;
				ARCHS = "$(ARCHS_STANDARD_32_BIT)";
				"CODE_SIGN_IDENTITY[sdk=iphoneos*]" = "iPhone Developer";
				COPY_PHASE_STRIP = YES;
				GCC_C_LANGUAGE_STANDARD = gnu99;
				GCC_VERSION = com.apple.compilers.llvm.clang.1_0;
				GCC_WARN_ABOUT_MISSING_PROTOTYPES = YES;
				GCC_WARN_ABOUT_RETURN_TYPE = YES;
				GCC_WARN_UNUSED_VARIABLE = YES;
				IPHONEOS_DEPLOYMENT_TARGET = 5.0;
				OTHER_CFLAGS = "-DNS_BLOCK_ASSERTIONS=1";
				SDKROOT = iphoneos;
				TARGETED_DEVICE_FAMILY = "1,2";
				VALIDATE_PRODUCT = YES;
			};
			name = Release;
		};
		860623C715A2622B008C6100 /* Debug */ = {
			isa = XCBuildConfiguration;
			buildSettings = {
				GCC_PRECOMPILE_PREFIX_HEADER = YES;
				GCC_PREFIX_HEADER = "Digital-Birth/Digital-Birth-Prefix.pch";
				INFOPLIST_FILE = "Digital-Birth/Digital-Birth-Info.plist";
				PRODUCT_NAME = "$(TARGET_NAME)";
				WRAPPER_EXTENSION = app;
			};
			name = Debug;
		};
		860623C815A2622B008C6100 /* Release */ = {
			isa = XCBuildConfiguration;
			buildSettings = {
				GCC_PRECOMPILE_PREFIX_HEADER = YES;
				GCC_PREFIX_HEADER = "Digital-Birth/Digital-Birth-Prefix.pch";
				INFOPLIST_FILE = "Digital-Birth/Digital-Birth-Info.plist";
				PRODUCT_NAME = "$(TARGET_NAME)";
				WRAPPER_EXTENSION = app;
			};
			name = Release;
		};
/* End XCBuildConfiguration section */

/* Begin XCConfigurationList section */
		860623A815A2622B008C6100 /* Build configuration list for PBXProject "Digital-Birth" */ = {
			isa = XCConfigurationList;
			buildConfigurations = (
				860623C415A2622B008C6100 /* Debug */,
				860623C515A2622B008C6100 /* Release */,
			);
			defaultConfigurationIsVisible = 0;
			defaultConfigurationName = Release;
		};
		860623C615A2622B008C6100 /* Build configuration list for PBXNativeTarget "Digital-Birth" */ = {
			isa = XCConfigurationList;
			buildConfigurations = (
				860623C715A2622B008C6100 /* Debug */,
				860623C815A2622B008C6100 /* Release */,
			);
			defaultConfigurationIsVisible = 0;
			defaultConfigurationName = Release;
		};
/* End XCConfigurationList section */
	};
	rootObject = 860623A515A2622B008C6100 /* Project object */;
}
